Microsoft Visual Studio Solution File, Format Version 12.00
# Visual Studio Version 16
VisualStudioVersion = 16.0.30503.244
MinimumVisualStudioVersion = 10.0.40219.1
Project("{9A19103F-16F7-4668-BE54-9A1E7A4F7556}") = "GAME_ADS_STUDIO_API", "GAME_ADS_STUDIO_API\GAME_ADS_STUDIO_API.csproj", "{3B6E4A21-3048-4708-AA89-05C73A08212C}"
EndProject
Project("{FAE04EC0-301F-11D3-BF4B-00C04F79EFBC}") = "GameAdsStudio.IntegrationTests", "GameAdsStudio.IntegrationTests\GameAdsStudio.IntegrationTests.csproj", "{ADF72BF5-13FF-429E-8148-8585402B3F4A}"
EndProject
Global
	GlobalSection(SolutionConfigurationPlatforms) = preSolution
		Debug|Any CPU = Debug|Any CPU
		Release|Any CPU = Release|Any CPU
	EndGlobalSection
	GlobalSection(ProjectConfigurationPlatforms) = postSolution
		{3B6E4A21-3048-4708-AA89-05C73A08212C}.Debug|Any CPU.ActiveCfg = Debug|Any CPU
		{3B6E4A21-3048-4708-AA89-05C73A08212C}.Debug|Any CPU.Build.0 = Debug|Any CPU
		{3B6E4A21-3048-4708-AA89-05C73A08212C}.Release|Any CPU.ActiveCfg = Release|Any CPU
		{3B6E4A21-3048-4708-AA89-05C73A08212C}.Release|Any CPU.Build.0 = Release|Any CPU
		{ADF72BF5-13FF-429E-8148-8585402B3F4A}.Debug|Any CPU.ActiveCfg = Debug|Any CPU
		{ADF72BF5-13FF-429E-8148-8585402B3F4A}.Debug|Any CPU.Build.0 = Debug|Any CPU
		{ADF72BF5-13FF-429E-8148-8585402B3F4A}.Release|Any CPU.ActiveCfg = Release|Any CPU
		{ADF72BF5-13FF-429E-8148-8585402B3F4A}.Release|Any CPU.Build.0 = Release|Any CPU
	EndGlobalSection
	GlobalSection(SolutionProperties) = preSolution
		HideSolutionNode = FALSE
	EndGlobalSection
	GlobalSection(ExtensibilityGlobals) = postSolution
		SolutionGuid = {C0FED29F-BD53-4DA6-891B-2DA673A7ABF3}
	EndGlobalSection
EndGlobal
